
Microsoft Visual Studio Solution File, Format Version 12.00
# Visual Studio Version 16
VisualStudioVersion = 16.0.30621.155
MinimumVisualStudioVersion = 10.0.40219.1
Project("{FAE04EC0-301F-11D3-BF4B-00C04F79EFBC}") = "Day2ques", "Day2ques\Day2ques.csproj", "{35CA0C38-F210-48E0-9B4E-D781DD6394FC}"
EndProject
Global
	GlobalSection(SolutionConfigurationPlatforms) = preSolution
		Debug|Any CPU = Debug|Any CPU
		Release|Any CPU = Release|Any CPU
	EndGlobalSection
	GlobalSection(ProjectConfigurationPlatforms) = postSolution
		{35CA0C38-F210-48E0-9B4E-D781DD6394FC}.Debug|Any CPU.ActiveCfg = Debug|Any CPU
		{35CA0C38-F210-48E0-9B4E-D781DD6394FC}.Debug|Any CPU.Build.0 = Debug|Any CPU
		{35CA0C38-F210-48E0-9B4E-D781DD6394FC}.Release|Any CPU.ActiveCfg = Release|Any CPU
		{35CA0C38-F210-48E0-9B4E-D781DD6394FC}.Release|Any CPU.Build.0 = Release|Any CPU
	EndGlobalSection
	GlobalSection(SolutionProperties) = preSolution
		HideSolutionNode = FALSE
	EndGlobalSection
	GlobalSection(ExtensibilityGlobals) = postSolution
		SolutionGuid = {1FF26058-A39D-4AB0-BD56-22DB894E51A7}
	EndGlobalSection
EndGlobal
